
Microsoft Visual Studio Solution File, Format Version 12.00
# Visual Studio Version 16
VisualStudioVersion = 16.0.29728.190
MinimumVisualStudioVersion = 10.0.40219.1
Project("{FAE04EC0-301F-11D3-BF4B-00C04F79EFBC}") = "HW2-2GetInfo", "HW2-2GetInfo\HW2-2GetInfo.csproj", "{ADA77715-3ACC-43F5-80E8-CE0F1B12063B}"
EndProject
Global
	GlobalSection(SolutionConfigurationPlatforms) = preSolution
		Debug|Any CPU = Debug|Any CPU
		Release|Any CPU = Release|Any CPU
	EndGlobalSection
	GlobalSection(ProjectConfigurationPlatforms) = postSolution
		{ADA77715-3ACC-43F5-80E8-CE0F1B12063B}.Debug|Any CPU.ActiveCfg = Debug|Any CPU
		{ADA77715-3ACC-43F5-80E8-CE0F1B12063B}.Debug|Any CPU.Build.0 = Debug|Any CPU
		{ADA77715-3ACC-43F5-80E8-CE0F1B12063B}.Release|Any CPU.ActiveCfg = Release|Any CPU
		{ADA77715-3ACC-43F5-80E8-CE0F1B12063B}.Release|Any CPU.Build.0 = Release|Any CPU
	EndGlobalSection
	GlobalSection(SolutionProperties) = preSolution
		HideSolutionNode = FALSE
	EndGlobalSection
	GlobalSection(ExtensibilityGlobals) = postSolution
		SolutionGuid = {05F3CF00-E6A4-4C4B-9D1C-AE814C91875A}
	EndGlobalSection
EndGlobal
