
Microsoft Visual Studio Solution File, Format Version 12.00
# Visual Studio Version 16
VisualStudioVersion = 16.0.29905.134
MinimumVisualStudioVersion = 10.0.40219.1
Project("{FAE04EC0-301F-11D3-BF4B-00C04F79EFBC}") = "HW4-2 Clock", "HW4-2 Clock\HW4-2 Clock.csproj", "{FA2863D3-C7D9-44DE-83B8-7E28A30802E3}"
EndProject
Global
	GlobalSection(SolutionConfigurationPlatforms) = preSolution
		Debug|Any CPU = Debug|Any CPU
		Release|Any CPU = Release|Any CPU
	EndGlobalSection
	GlobalSection(ProjectConfigurationPlatforms) = postSolution
		{FA2863D3-C7D9-44DE-83B8-7E28A30802E3}.Debug|Any CPU.ActiveCfg = Debug|Any CPU
		{FA2863D3-C7D9-44DE-83B8-7E28A30802E3}.Debug|Any CPU.Build.0 = Debug|Any CPU
		{FA2863D3-C7D9-44DE-83B8-7E28A30802E3}.Release|Any CPU.ActiveCfg = Release|Any CPU
		{FA2863D3-C7D9-44DE-83B8-7E28A30802E3}.Release|Any CPU.Build.0 = Release|Any CPU
	EndGlobalSection
	GlobalSection(SolutionProperties) = preSolution
		HideSolutionNode = FALSE
	EndGlobalSection
	GlobalSection(ExtensibilityGlobals) = postSolution
		SolutionGuid = {3F1917E0-51D9-458D-8CD4-0E701C79A7BC}
	EndGlobalSection
EndGlobal
