
Microsoft Visual Studio Solution File, Format Version 12.00
# Visual Studio Version 16
VisualStudioVersion = 16.0.29728.190
MinimumVisualStudioVersion = 10.0.40219.1
Project("{FAE04EC0-301F-11D3-BF4B-00C04F79EFBC}") = "HW2-3 PrimeNum2_100", "HW2-3 PrimeNum2_100\HW2-3 PrimeNum2_100.csproj", "{885C2B0B-A2E9-4CF1-9EC4-05B65C50A3E2}"
EndProject
Global
	GlobalSection(SolutionConfigurationPlatforms) = preSolution
		Debug|Any CPU = Debug|Any CPU
		Release|Any CPU = Release|Any CPU
	EndGlobalSection
	GlobalSection(ProjectConfigurationPlatforms) = postSolution
		{885C2B0B-A2E9-4CF1-9EC4-05B65C50A3E2}.Debug|Any CPU.ActiveCfg = Debug|Any CPU
		{885C2B0B-A2E9-4CF1-9EC4-05B65C50A3E2}.Debug|Any CPU.Build.0 = Debug|Any CPU
		{885C2B0B-A2E9-4CF1-9EC4-05B65C50A3E2}.Release|Any CPU.ActiveCfg = Release|Any CPU
		{885C2B0B-A2E9-4CF1-9EC4-05B65C50A3E2}.Release|Any CPU.Build.0 = Release|Any CPU
	EndGlobalSection
	GlobalSection(SolutionProperties) = preSolution
		HideSolutionNode = FALSE
	EndGlobalSection
	GlobalSection(ExtensibilityGlobals) = postSolution
		SolutionGuid = {4B0C614D-473F-4920-AACC-151C2F0DB8EB}
	EndGlobalSection
EndGlobal
