
Microsoft Visual Studio Solution File, Format Version 12.00
# Visual Studio Version 16
VisualStudioVersion = 16.0.29728.190
MinimumVisualStudioVersion = 10.0.40219.1
Project("{9A19103F-16F7-4668-BE54-9A1E7A4F7556}") = "HW3  Graphic Object", "HW3-1  Graphic Object\HW3  Graphic Object.csproj", "{C548A504-AAC3-4D08-84F3-C3496A04B8EE}"
EndProject
Global
	GlobalSection(SolutionConfigurationPlatforms) = preSolution
		Debug|Any CPU = Debug|Any CPU
		Release|Any CPU = Release|Any CPU
	EndGlobalSection
	GlobalSection(ProjectConfigurationPlatforms) = postSolution
		{C548A504-AAC3-4D08-84F3-C3496A04B8EE}.Debug|Any CPU.ActiveCfg = Debug|Any CPU
		{C548A504-AAC3-4D08-84F3-C3496A04B8EE}.Debug|Any CPU.Build.0 = Debug|Any CPU
		{C548A504-AAC3-4D08-84F3-C3496A04B8EE}.Release|Any CPU.ActiveCfg = Release|Any CPU
		{C548A504-AAC3-4D08-84F3-C3496A04B8EE}.Release|Any CPU.Build.0 = Release|Any CPU
	EndGlobalSection
	GlobalSection(SolutionProperties) = preSolution
		HideSolutionNode = FALSE
	EndGlobalSection
	GlobalSection(ExtensibilityGlobals) = postSolution
		SolutionGuid = {68DBBB04-F393-47D0-92FD-92DEAD54984D}
	EndGlobalSection
EndGlobal
